
Microsoft Visual Studio Solution File, Format Version 12.00
# Visual Studio 14
VisualStudioVersion = 14.0.25420.1
MinimumVisualStudioVersion = 10.0.40219.1
Project("{FAE04EC0-301F-11D3-BF4B-00C04F79EFBC}") = "ErickExample", "ErickExample\ErickExample.csproj", "{E28CC073-5B33-49DB-8C58-C3E370DA39CD}"
EndProject
Project("{FAE04EC0-301F-11D3-BF4B-00C04F79EFBC}") = "MvcBusinessLogic", "MvcBusinessLogic\MvcBusinessLogic.csproj", "{EE3E6709-4301-4DED-99B5-AC10EA99E10C}"
EndProject
Project("{FAE04EC0-301F-11D3-BF4B-00C04F79EFBC}") = "MvcDataAccess", "MvcDataAccess\MvcDataAccess.csproj", "{2230EEB9-EE6C-4C73-80A9-DAB9DF07E90B}"
EndProject
Project("{FAE04EC0-301F-11D3-BF4B-00C04F79EFBC}") = "WebExample", "WebExample\WebExample.csproj", "{C116B902-C24A-4C52-98E8-B2FC99153363}"
EndProject
Project("{FAE04EC0-301F-11D3-BF4B-00C04F79EFBC}") = "PruebaConsola", "PruebaConsola\PruebaConsola.csproj", "{95B0A6ED-7035-465E-A2D2-7A7B2B700D02}"
EndProject
Project("{FAE04EC0-301F-11D3-BF4B-00C04F79EFBC}") = "MVCPartialDemo", "MVCPartialDemo\MVCPartialDemo.csproj", "{1CD4A9EA-8604-4381-B756-1073713ECA50}"
EndProject
Project("{FAE04EC0-301F-11D3-BF4B-00C04F79EFBC}") = "MiBot", "MiBot\MiBot.csproj", "{DC073412-7BE3-447A-84EE-0640D5B205A8}"
EndProject
Project("{FAE04EC0-301F-11D3-BF4B-00C04F79EFBC}") = "WpfExample", "WpfExample\WpfExample.csproj", "{EEE984C4-360B-4139-A9DC-C931CF144D89}"
EndProject
Project("{FAE04EC0-301F-11D3-BF4B-00C04F79EFBC}") = "PruebaEnvioCorreo", "PruebaEnvioCorreo\PruebaEnvioCorreo.csproj", "{032BA841-723E-4DDA-BAEE-5AB550A73024}"
EndProject
Global
	GlobalSection(SolutionConfigurationPlatforms) = preSolution
		Debug|Any CPU = Debug|Any CPU
		Debug|x86 = Debug|x86
		NET45-Debug|Any CPU = NET45-Debug|Any CPU
		NET45-Debug|x86 = NET45-Debug|x86
		NET45-Release|Any CPU = NET45-Release|Any CPU
		NET45-Release|x86 = NET45-Release|x86
		Release|Any CPU = Release|Any CPU
		Release|x86 = Release|x86
	EndGlobalSection
	GlobalSection(ProjectConfigurationPlatforms) = postSolution
		{E28CC073-5B33-49DB-8C58-C3E370DA39CD}.Debug|Any CPU.ActiveCfg = Debug|Any CPU
		{E28CC073-5B33-49DB-8C58-C3E370DA39CD}.Debug|Any CPU.Build.0 = Debug|Any CPU
		{E28CC073-5B33-49DB-8C58-C3E370DA39CD}.Debug|x86.ActiveCfg = Debug|Any CPU
		{E28CC073-5B33-49DB-8C58-C3E370DA39CD}.Debug|x86.Build.0 = Debug|Any CPU
		{E28CC073-5B33-49DB-8C58-C3E370DA39CD}.NET45-Debug|Any CPU.ActiveCfg = Debug|Any CPU
		{E28CC073-5B33-49DB-8C58-C3E370DA39CD}.NET45-Debug|Any CPU.Build.0 = Debug|Any CPU
		{E28CC073-5B33-49DB-8C58-C3E370DA39CD}.NET45-Debug|x86.ActiveCfg = Debug|Any CPU
		{E28CC073-5B33-49DB-8C58-C3E370DA39CD}.NET45-Debug|x86.Build.0 = Debug|Any CPU
		{E28CC073-5B33-49DB-8C58-C3E370DA39CD}.NET45-Release|Any CPU.ActiveCfg = Release|Any CPU
		{E28CC073-5B33-49DB-8C58-C3E370DA39CD}.NET45-Release|Any CPU.Build.0 = Release|Any CPU
		{E28CC073-5B33-49DB-8C58-C3E370DA39CD}.NET45-Release|x86.ActiveCfg = Release|Any CPU
		{E28CC073-5B33-49DB-8C58-C3E370DA39CD}.NET45-Release|x86.Build.0 = Release|Any CPU
		{E28CC073-5B33-49DB-8C58-C3E370DA39CD}.Release|Any CPU.ActiveCfg = Release|Any CPU
		{E28CC073-5B33-49DB-8C58-C3E370DA39CD}.Release|Any CPU.Build.0 = Release|Any CPU
		{E28CC073-5B33-49DB-8C58-C3E370DA39CD}.Release|x86.ActiveCfg = Release|Any CPU
		{E28CC073-5B33-49DB-8C58-C3E370DA39CD}.Release|x86.Build.0 = Release|Any CPU
		{EE3E6709-4301-4DED-99B5-AC10EA99E10C}.Debug|Any CPU.ActiveCfg = Debug|Any CPU
		{EE3E6709-4301-4DED-99B5-AC10EA99E10C}.Debug|Any CPU.Build.0 = Debug|Any CPU
		{EE3E6709-4301-4DED-99B5-AC10EA99E10C}.Debug|x86.ActiveCfg = Debug|Any CPU
		{EE3E6709-4301-4DED-99B5-AC10EA99E10C}.Debug|x86.Build.0 = Debug|Any CPU
		{EE3E6709-4301-4DED-99B5-AC10EA99E10C}.NET45-Debug|Any CPU.ActiveCfg = Debug|Any CPU
		{EE3E6709-4301-4DED-99B5-AC10EA99E10C}.NET45-Debug|Any CPU.Build.0 = Debug|Any CPU
		{EE3E6709-4301-4DED-99B5-AC10EA99E10C}.NET45-Debug|x86.ActiveCfg = Debug|Any CPU
		{EE3E6709-4301-4DED-99B5-AC10EA99E10C}.NET45-Debug|x86.Build.0 = Debug|Any CPU
		{EE3E6709-4301-4DED-99B5-AC10EA99E10C}.NET45-Release|Any CPU.ActiveCfg = Release|Any CPU
		{EE3E6709-4301-4DED-99B5-AC10EA99E10C}.NET45-Release|Any CPU.Build.0 = Release|Any CPU
		{EE3E6709-4301-4DED-99B5-AC10EA99E10C}.NET45-Release|x86.ActiveCfg = Release|Any CPU
		{EE3E6709-4301-4DED-99B5-AC10EA99E10C}.NET45-Release|x86.Build.0 = Release|Any CPU
		{EE3E6709-4301-4DED-99B5-AC10EA99E10C}.Release|Any CPU.ActiveCfg = Release|Any CPU
		{EE3E6709-4301-4DED-99B5-AC10EA99E10C}.Release|Any CPU.Build.0 = Release|Any CPU
		{EE3E6709-4301-4DED-99B5-AC10EA99E10C}.Release|x86.ActiveCfg = Release|Any CPU
		{EE3E6709-4301-4DED-99B5-AC10EA99E10C}.Release|x86.Build.0 = Release|Any CPU
		{2230EEB9-EE6C-4C73-80A9-DAB9DF07E90B}.Debug|Any CPU.ActiveCfg = Debug|Any CPU
		{2230EEB9-EE6C-4C73-80A9-DAB9DF07E90B}.Debug|Any CPU.Build.0 = Debug|Any CPU
		{2230EEB9-EE6C-4C73-80A9-DAB9DF07E90B}.Debug|x86.ActiveCfg = Debug|Any CPU
		{2230EEB9-EE6C-4C73-80A9-DAB9DF07E90B}.Debug|x86.Build.0 = Debug|Any CPU
		{2230EEB9-EE6C-4C73-80A9-DAB9DF07E90B}.NET45-Debug|Any CPU.ActiveCfg = Debug|Any CPU
		{2230EEB9-EE6C-4C73-80A9-DAB9DF07E90B}.NET45-Debug|Any CPU.Build.0 = Debug|Any CPU
		{2230EEB9-EE6C-4C73-80A9-DAB9DF07E90B}.NET45-Debug|x86.ActiveCfg = Debug|Any CPU
		{2230EEB9-EE6C-4C73-80A9-DAB9DF07E90B}.NET45-Debug|x86.Build.0 = Debug|Any CPU
		{2230EEB9-EE6C-4C73-80A9-DAB9DF07E90B}.NET45-Release|Any CPU.ActiveCfg = Release|Any CPU
		{2230EEB9-EE6C-4C73-80A9-DAB9DF07E90B}.NET45-Release|Any CPU.Build.0 = Release|Any CPU
		{2230EEB9-EE6C-4C73-80A9-DAB9DF07E90B}.NET45-Release|x86.ActiveCfg = Release|Any CPU
		{2230EEB9-EE6C-4C73-80A9-DAB9DF07E90B}.NET45-Release|x86.Build.0 = Release|Any CPU
		{2230EEB9-EE6C-4C73-80A9-DAB9DF07E90B}.Release|Any CPU.ActiveCfg = Release|Any CPU
		{2230EEB9-EE6C-4C73-80A9-DAB9DF07E90B}.Release|Any CPU.Build.0 = Release|Any CPU
		{2230EEB9-EE6C-4C73-80A9-DAB9DF07E90B}.Release|x86.ActiveCfg = Release|Any CPU
		{2230EEB9-EE6C-4C73-80A9-DAB9DF07E90B}.Release|x86.Build.0 = Release|Any CPU
		{C116B902-C24A-4C52-98E8-B2FC99153363}.Debug|Any CPU.ActiveCfg = Debug|Any CPU
		{C116B902-C24A-4C52-98E8-B2FC99153363}.Debug|Any CPU.Build.0 = Debug|Any CPU
		{C116B902-C24A-4C52-98E8-B2FC99153363}.Debug|x86.ActiveCfg = Debug|Any CPU
		{C116B902-C24A-4C52-98E8-B2FC99153363}.Debug|x86.Build.0 = Debug|Any CPU
		{C116B902-C24A-4C52-98E8-B2FC99153363}.NET45-Debug|Any CPU.ActiveCfg = Debug|Any CPU
		{C116B902-C24A-4C52-98E8-B2FC99153363}.NET45-Debug|Any CPU.Build.0 = Debug|Any CPU
		{C116B902-C24A-4C52-98E8-B2FC99153363}.NET45-Debug|x86.ActiveCfg = Debug|Any CPU
		{C116B902-C24A-4C52-98E8-B2FC99153363}.NET45-Debug|x86.Build.0 = Debug|Any CPU
		{C116B902-C24A-4C52-98E8-B2FC99153363}.NET45-Release|Any CPU.ActiveCfg = Release|Any CPU
		{C116B902-C24A-4C52-98E8-B2FC99153363}.NET45-Release|Any CPU.Build.0 = Release|Any CPU
		{C116B902-C24A-4C52-98E8-B2FC99153363}.NET45-Release|x86.ActiveCfg = Release|Any CPU
		{C116B902-C24A-4C52-98E8-B2FC99153363}.NET45-Release|x86.Build.0 = Release|Any CPU
		{C116B902-C24A-4C52-98E8-B2FC99153363}.Release|Any CPU.ActiveCfg = Release|Any CPU
		{C116B902-C24A-4C52-98E8-B2FC99153363}.Release|Any CPU.Build.0 = Release|Any CPU
		{C116B902-C24A-4C52-98E8-B2FC99153363}.Release|x86.ActiveCfg = Release|Any CPU
		{C116B902-C24A-4C52-98E8-B2FC99153363}.Release|x86.Build.0 = Release|Any CPU
		{95B0A6ED-7035-465E-A2D2-7A7B2B700D02}.Debug|Any CPU.ActiveCfg = Debug|Any CPU
		{95B0A6ED-7035-465E-A2D2-7A7B2B700D02}.Debug|Any CPU.Build.0 = Debug|Any CPU
		{95B0A6ED-7035-465E-A2D2-7A7B2B700D02}.Debug|x86.ActiveCfg = Debug|Any CPU
		{95B0A6ED-7035-465E-A2D2-7A7B2B700D02}.Debug|x86.Build.0 = Debug|Any CPU
		{95B0A6ED-7035-465E-A2D2-7A7B2B700D02}.NET45-Debug|Any CPU.ActiveCfg = Debug|Any CPU
		{95B0A6ED-7035-465E-A2D2-7A7B2B700D02}.NET45-Debug|Any CPU.Build.0 = Debug|Any CPU
		{95B0A6ED-7035-465E-A2D2-7A7B2B700D02}.NET45-Debug|x86.ActiveCfg = Debug|Any CPU
		{95B0A6ED-7035-465E-A2D2-7A7B2B700D02}.NET45-Debug|x86.Build.0 = Debug|Any CPU
		{95B0A6ED-7035-465E-A2D2-7A7B2B700D02}.NET45-Release|Any CPU.ActiveCfg = Release|Any CPU
		{95B0A6ED-7035-465E-A2D2-7A7B2B700D02}.NET45-Release|Any CPU.Build.0 = Release|Any CPU
		{95B0A6ED-7035-465E-A2D2-7A7B2B700D02}.NET45-Release|x86.ActiveCfg = Release|Any CPU
		{95B0A6ED-7035-465E-A2D2-7A7B2B700D02}.NET45-Release|x86.Build.0 = Release|Any CPU
		{95B0A6ED-7035-465E-A2D2-7A7B2B700D02}.Release|Any CPU.ActiveCfg = Release|Any CPU
		{95B0A6ED-7035-465E-A2D2-7A7B2B700D02}.Release|Any CPU.Build.0 = Release|Any CPU
		{95B0A6ED-7035-465E-A2D2-7A7B2B700D02}.Release|x86.ActiveCfg = Release|Any CPU
		{95B0A6ED-7035-465E-A2D2-7A7B2B700D02}.Release|x86.Build.0 = Release|Any CPU
		{1CD4A9EA-8604-4381-B756-1073713ECA50}.Debug|Any CPU.ActiveCfg = Debug|Any CPU
		{1CD4A9EA-8604-4381-B756-1073713ECA50}.Debug|Any CPU.Build.0 = Debug|Any CPU
		{1CD4A9EA-8604-4381-B756-1073713ECA50}.Debug|x86.ActiveCfg = Debug|Any CPU
		{1CD4A9EA-8604-4381-B756-1073713ECA50}.Debug|x86.Build.0 = Debug|Any CPU
		{1CD4A9EA-8604-4381-B756-1073713ECA50}.NET45-Debug|Any CPU.ActiveCfg = Debug|Any CPU
		{1CD4A9EA-8604-4381-B756-1073713ECA50}.NET45-Debug|Any CPU.Build.0 = Debug|Any CPU
		{1CD4A9EA-8604-4381-B756-1073713ECA50}.NET45-Debug|x86.ActiveCfg = Debug|Any CPU
		{1CD4A9EA-8604-4381-B756-1073713ECA50}.NET45-Debug|x86.Build.0 = Debug|Any CPU
		{1CD4A9EA-8604-4381-B756-1073713ECA50}.NET45-Release|Any CPU.ActiveCfg = Release|Any CPU
		{1CD4A9EA-8604-4381-B756-1073713ECA50}.NET45-Release|Any CPU.Build.0 = Release|Any CPU
		{1CD4A9EA-8604-4381-B756-1073713ECA50}.NET45-Release|x86.ActiveCfg = Release|Any CPU
		{1CD4A9EA-8604-4381-B756-1073713ECA50}.NET45-Release|x86.Build.0 = Release|Any CPU
		{1CD4A9EA-8604-4381-B756-1073713ECA50}.Release|Any CPU.ActiveCfg = Release|Any CPU
		{1CD4A9EA-8604-4381-B756-1073713ECA50}.Release|Any CPU.Build.0 = Release|Any CPU
		{1CD4A9EA-8604-4381-B756-1073713ECA50}.Release|x86.ActiveCfg = Release|Any CPU
		{1CD4A9EA-8604-4381-B756-1073713ECA50}.Release|x86.Build.0 = Release|Any CPU
		{DC073412-7BE3-447A-84EE-0640D5B205A8}.Debug|Any CPU.ActiveCfg = Debug|Any CPU
		{DC073412-7BE3-447A-84EE-0640D5B205A8}.Debug|Any CPU.Build.0 = Debug|Any CPU
		{DC073412-7BE3-447A-84EE-0640D5B205A8}.Debug|x86.ActiveCfg = Debug|Any CPU
		{DC073412-7BE3-447A-84EE-0640D5B205A8}.Debug|x86.Build.0 = Debug|Any CPU
		{DC073412-7BE3-447A-84EE-0640D5B205A8}.NET45-Debug|Any CPU.ActiveCfg = Debug|Any CPU
		{DC073412-7BE3-447A-84EE-0640D5B205A8}.NET45-Debug|Any CPU.Build.0 = Debug|Any CPU
		{DC073412-7BE3-447A-84EE-0640D5B205A8}.NET45-Debug|x86.ActiveCfg = Debug|Any CPU
		{DC073412-7BE3-447A-84EE-0640D5B205A8}.NET45-Debug|x86.Build.0 = Debug|Any CPU
		{DC073412-7BE3-447A-84EE-0640D5B205A8}.NET45-Release|Any CPU.ActiveCfg = Release|Any CPU
		{DC073412-7BE3-447A-84EE-0640D5B205A8}.NET45-Release|Any CPU.Build.0 = Release|Any CPU
		{DC073412-7BE3-447A-84EE-0640D5B205A8}.NET45-Release|x86.ActiveCfg = Release|Any CPU
		{DC073412-7BE3-447A-84EE-0640D5B205A8}.NET45-Release|x86.Build.0 = Release|Any CPU
		{DC073412-7BE3-447A-84EE-0640D5B205A8}.Release|Any CPU.ActiveCfg = Release|Any CPU
		{DC073412-7BE3-447A-84EE-0640D5B205A8}.Release|Any CPU.Build.0 = Release|Any CPU
		{DC073412-7BE3-447A-84EE-0640D5B205A8}.Release|x86.ActiveCfg = Release|Any CPU
		{DC073412-7BE3-447A-84EE-0640D5B205A8}.Release|x86.Build.0 = Release|Any CPU
		{EEE984C4-360B-4139-A9DC-C931CF144D89}.Debug|Any CPU.ActiveCfg = Debug|Any CPU
		{EEE984C4-360B-4139-A9DC-C931CF144D89}.Debug|Any CPU.Build.0 = Debug|Any CPU
		{EEE984C4-360B-4139-A9DC-C931CF144D89}.Debug|x86.ActiveCfg = Debug|Any CPU
		{EEE984C4-360B-4139-A9DC-C931CF144D89}.Debug|x86.Build.0 = Debug|Any CPU
		{EEE984C4-360B-4139-A9DC-C931CF144D89}.NET45-Debug|Any CPU.ActiveCfg = Debug|Any CPU
		{EEE984C4-360B-4139-A9DC-C931CF144D89}.NET45-Debug|Any CPU.Build.0 = Debug|Any CPU
		{EEE984C4-360B-4139-A9DC-C931CF144D89}.NET45-Debug|x86.ActiveCfg = Debug|Any CPU
		{EEE984C4-360B-4139-A9DC-C931CF144D89}.NET45-Debug|x86.Build.0 = Debug|Any CPU
		{EEE984C4-360B-4139-A9DC-C931CF144D89}.NET45-Release|Any CPU.ActiveCfg = Release|Any CPU
		{EEE984C4-360B-4139-A9DC-C931CF144D89}.NET45-Release|Any CPU.Build.0 = Release|Any CPU
		{EEE984C4-360B-4139-A9DC-C931CF144D89}.NET45-Release|x86.ActiveCfg = Release|Any CPU
		{EEE984C4-360B-4139-A9DC-C931CF144D89}.NET45-Release|x86.Build.0 = Release|Any CPU
		{EEE984C4-360B-4139-A9DC-C931CF144D89}.Release|Any CPU.ActiveCfg = Release|Any CPU
		{EEE984C4-360B-4139-A9DC-C931CF144D89}.Release|Any CPU.Build.0 = Release|Any CPU
		{EEE984C4-360B-4139-A9DC-C931CF144D89}.Release|x86.ActiveCfg = Release|Any CPU
		{EEE984C4-360B-4139-A9DC-C931CF144D89}.Release|x86.Build.0 = Release|Any CPU
		{032BA841-723E-4DDA-BAEE-5AB550A73024}.Debug|Any CPU.ActiveCfg = Debug|Any CPU
		{032BA841-723E-4DDA-BAEE-5AB550A73024}.Debug|Any CPU.Build.0 = Debug|Any CPU
		{032BA841-723E-4DDA-BAEE-5AB550A73024}.Debug|x86.ActiveCfg = Debug|Any CPU
		{032BA841-723E-4DDA-BAEE-5AB550A73024}.Debug|x86.Build.0 = Debug|Any CPU
		{032BA841-723E-4DDA-BAEE-5AB550A73024}.NET45-Debug|Any CPU.ActiveCfg = Debug|Any CPU
		{032BA841-723E-4DDA-BAEE-5AB550A73024}.NET45-Debug|Any CPU.Build.0 = Debug|Any CPU
		{032BA841-723E-4DDA-BAEE-5AB550A73024}.NET45-Debug|x86.ActiveCfg = Debug|Any CPU
		{032BA841-723E-4DDA-BAEE-5AB550A73024}.NET45-Debug|x86.Build.0 = Debug|Any CPU
		{032BA841-723E-4DDA-BAEE-5AB550A73024}.NET45-Release|Any CPU.ActiveCfg = Release|Any CPU
		{032BA841-723E-4DDA-BAEE-5AB550A73024}.NET45-Release|Any CPU.Build.0 = Release|Any CPU
		{032BA841-723E-4DDA-BAEE-5AB550A73024}.NET45-Release|x86.ActiveCfg = Release|Any CPU
		{032BA841-723E-4DDA-BAEE-5AB550A73024}.NET45-Release|x86.Build.0 = Release|Any CPU
		{032BA841-723E-4DDA-BAEE-5AB550A73024}.Release|Any CPU.ActiveCfg = Release|Any CPU
		{032BA841-723E-4DDA-BAEE-5AB550A73024}.Release|Any CPU.Build.0 = Release|Any CPU
		{032BA841-723E-4DDA-BAEE-5AB550A73024}.Release|x86.ActiveCfg = Release|Any CPU
		{032BA841-723E-4DDA-BAEE-5AB550A73024}.Release|x86.Build.0 = Release|Any CPU
	EndGlobalSection
	GlobalSection(SolutionProperties) = preSolution
		HideSolutionNode = FALSE
	EndGlobalSection
EndGlobal
